
Microsoft Visual Studio Solution File, Format Version 12.00
# Visual Studio Version 17
VisualStudioVersion = 17.12.35527.113 d17.12
MinimumVisualStudioVersion = 10.0.40219.1
Project("{FAE04EC0-301F-11D3-BF4B-00C04F79EFBC}") = "ExpenseTrakcer", "ExpenseTrakcer\ExpenseTrakcer.csproj", "{DC55388D-9DED-4466-A6D4-69394FD64DE6}"
EndProject
Project("{FAE04EC0-301F-11D3-BF4B-00C04F79EFBC}") = "BAL", "BAL\BAL.csproj", "{3DC63EF4-F958-41CB-9402-8F3D47299F69}"
EndProject
Project("{FAE04EC0-301F-11D3-BF4B-00C04F79EFBC}") = "DAL", "DAL\DAL.csproj", "{87EE65A5-9862-4574-ACE5-313A4EE46298}"
EndProject
Project("{FAE04EC0-301F-11D3-BF4B-00C04F79EFBC}") = "Entity", "Entity\Entity.csproj", "{1B475E33-C583-4038-B60B-890CA3327B69}"
EndProject
Project("{FAE04EC0-301F-11D3-BF4B-00C04F79EFBC}") = "Helper", "Helper\Helper.csproj", "{18A52AAF-E1C5-469B-A77F-601A77505A53}"
EndProject
Global
	GlobalSection(SolutionConfigurationPlatforms) = preSolution
		Debug|Any CPU = Debug|Any CPU
		Release|Any CPU = Release|Any CPU
	EndGlobalSection
	GlobalSection(ProjectConfigurationPlatforms) = postSolution
		{DC55388D-9DED-4466-A6D4-69394FD64DE6}.Debug|Any CPU.ActiveCfg = Debug|Any CPU
		{DC55388D-9DED-4466-A6D4-69394FD64DE6}.Debug|Any CPU.Build.0 = Debug|Any CPU
		{DC55388D-9DED-4466-A6D4-69394FD64DE6}.Release|Any CPU.ActiveCfg = Release|Any CPU
		{DC55388D-9DED-4466-A6D4-69394FD64DE6}.Release|Any CPU.Build.0 = Release|Any CPU
		{3DC63EF4-F958-41CB-9402-8F3D47299F69}.Debug|Any CPU.ActiveCfg = Debug|Any CPU
		{3DC63EF4-F958-41CB-9402-8F3D47299F69}.Debug|Any CPU.Build.0 = Debug|Any CPU
		{3DC63EF4-F958-41CB-9402-8F3D47299F69}.Release|Any CPU.ActiveCfg = Release|Any CPU
		{3DC63EF4-F958-41CB-9402-8F3D47299F69}.Release|Any CPU.Build.0 = Release|Any CPU
		{87EE65A5-9862-4574-ACE5-313A4EE46298}.Debug|Any CPU.ActiveCfg = Debug|Any CPU
		{87EE65A5-9862-4574-ACE5-313A4EE46298}.Debug|Any CPU.Build.0 = Debug|Any CPU
		{87EE65A5-9862-4574-ACE5-313A4EE46298}.Release|Any CPU.ActiveCfg = Release|Any CPU
		{87EE65A5-9862-4574-ACE5-313A4EE46298}.Release|Any CPU.Build.0 = Release|Any CPU
		{1B475E33-C583-4038-B60B-890CA3327B69}.Debug|Any CPU.ActiveCfg = Debug|Any CPU
		{1B475E33-C583-4038-B60B-890CA3327B69}.Debug|Any CPU.Build.0 = Debug|Any CPU
		{1B475E33-C583-4038-B60B-890CA3327B69}.Release|Any CPU.ActiveCfg = Release|Any CPU
		{1B475E33-C583-4038-B60B-890CA3327B69}.Release|Any CPU.Build.0 = Release|Any CPU
		{18A52AAF-E1C5-469B-A77F-601A77505A53}.Debug|Any CPU.ActiveCfg = Debug|Any CPU
		{18A52AAF-E1C5-469B-A77F-601A77505A53}.Debug|Any CPU.Build.0 = Debug|Any CPU
		{18A52AAF-E1C5-469B-A77F-601A77505A53}.Release|Any CPU.ActiveCfg = Release|Any CPU
		{18A52AAF-E1C5-469B-A77F-601A77505A53}.Release|Any CPU.Build.0 = Release|Any CPU
	EndGlobalSection
	GlobalSection(SolutionProperties) = preSolution
		HideSolutionNode = FALSE
	EndGlobalSection
EndGlobal
